<?xml version="1.0" encoding="utf-8"?>
<Project ToolsVersion="4.0" xmlns="http://schemas.microsoft.com/developer/msbuild/2003">
  <ItemGroup>
    <Filter Include="SerializerJSON">
      <UniqueIdentifier>{fc2cbdf3-03a0-45d3-9ee4-c6f9a0179d4f}</UniqueIdentifier>
    </Filter>
    <Filter Include="Interfaces">
      <UniqueIdentifier>{f70edd2b-62e1-4475-8c69-9633ff5adcc2}</UniqueIdentifier>
    </Filter>
  </ItemGroup>
  <ItemGroup>
    <ClInclude Include="..\..\..\Interfaces\Deserializer.h">
      <Filter>Interfaces</Filter>
    </ClInclude>
    <ClInclude Include="..\..\..\Interfaces\FilePosition.h">
      <Filter>Interfaces</Filter>
    </ClInclude>
    <ClInclude Include="..\..\..\Interfaces\ISerializationContext.h">
      <Filter>Interfaces</Filter>
    </ClInclude>
    <ClInclude Include="..\..\..\Interfaces\Serializer.h">
      <Filter>Interfaces</Filter>
    </ClInclude>
    <ClInclude Include="..\..\..\Serializers\SerializerJson\ErrorCodes.h">
      <Filter>SerializerJSON</Filter>
    </ClInclude>
  </ItemGroup>
  <ItemGroup>
    <ClCompile Include="..\..\..\Serializers\SerializerJson\Deserializer.cpp">
      <Filter>SerializerJSON</Filter>
    </ClCompile>
    <ClCompile Include="..\..\..\Serializers\SerializerJson\ErrorCodes.cpp">
      <Filter>SerializerJSON</Filter>
    </ClCompile>
    <ClCompile Include="..\..\..\Serializers\SerializerJson\Serializer.cpp">
      <Filter>SerializerJSON</Filter>
    </ClCompile>
  </ItemGroup>
</Project>