<?xml version="1.0" encoding="utf-8"?>
<Project ToolsVersion="4.0" xmlns="http://schemas.microsoft.com/developer/msbuild/2003">
  <ItemGroup>
    <Filter Include="Geometric">
      <UniqueIdentifier>{35368297-005b-4437-9a49-95209c009ff8}</UniqueIdentifier>
    </Filter>
    <Filter Include="PrecompiledHeader">
      <UniqueIdentifier>{d766bd05-ce31-4d85-9b9b-3c1fb7acedd2}</UniqueIdentifier>
    </Filter>
    <Filter Include="Geometric\Processors">
      <UniqueIdentifier>{e11d0cac-6ccc-402f-ae7d-4d153c261777}</UniqueIdentifier>
    </Filter>
    <Filter Include="Geometric\Types">
      <UniqueIdentifier>{6f6dc0f3-9b86-4139-bcad-31f899aa469c}</UniqueIdentifier>
    </Filter>
    <Filter Include="Geometric\Generators">
      <UniqueIdentifier>{a09e28af-b9b1-422c-9c31-e86aa3c7f730}</UniqueIdentifier>
    </Filter>
    <Filter Include="Geometric\Generators\Geometry">
      <UniqueIdentifier>{8ff1b12c-74b0-4bbe-958d-8318075e78d7}</UniqueIdentifier>
    </Filter>
    <Filter Include="Geometric\Generators\Geometry\Shapes2D">
      <UniqueIdentifier>{28815982-0fa0-42a4-9056-d74a35d2e9e2}</UniqueIdentifier>
    </Filter>
    <Filter Include="Geometric\Types\VertexLayouts">
      <UniqueIdentifier>{043987b4-eee7-4665-8328-8740531e234b}</UniqueIdentifier>
    </Filter>
  </ItemGroup>
  <ItemGroup>
    <ClCompile Include="..\..\..\GeometricsCore\stdafx.cpp">
      <Filter>PrecompiledHeader</Filter>
    </ClCompile>
  </ItemGroup>
  <ItemGroup>
    <ClInclude Include="..\..\..\GeometricsCore\stdafx.h">
      <Filter>PrecompiledHeader</Filter>
    </ClInclude>
    <ClInclude Include="..\..\..\GeometricsCore\targetver.h">
      <Filter>PrecompiledHeader</Filter>
    </ClInclude>
    <ClInclude Include="..\..\..\GeometricsCore\Processors\Converter.h">
      <Filter>Geometric\Processors</Filter>
    </ClInclude>
    <ClInclude Include="..\..\..\GeometricsCore\Types\IndexedGeometry.h">
      <Filter>Geometric\Types</Filter>
    </ClInclude>
    <ClInclude Include="..\..\..\GeometricsCore\Processors\Converter.inl">
      <Filter>Geometric\Processors</Filter>
    </ClInclude>
    <ClInclude Include="..\..\..\GeometricsCore\Generators\Generator.h">
      <Filter>Geometric\Generators</Filter>
    </ClInclude>
    <ClInclude Include="..\..\..\GeometricsCore\Generators\Geometry\Shapes2D\Rectangle.h">
      <Filter>Geometric\Generators\Geometry\Shapes2D</Filter>
    </ClInclude>
    <ClInclude Include="..\..\..\GeometricsCore\Types\VertexLayouts\VertexShape2D.h">
      <Filter>Geometric\Types\VertexLayouts</Filter>
    </ClInclude>
  </ItemGroup>
</Project>