
Microsoft Visual Studio Solution File, Format Version 12.00
# Visual Studio Version 16
VisualStudioVersion = 16.0.29209.62
MinimumVisualStudioVersion = 10.0.40219.1
Project("{8BC9CEB8-8B4A-11D0-8D11-00A0C91BC942}") = "DX11API", "ProjectsDir\Visual2015\DX11API\DX11API.vcxproj", "{44643D7F-1C71-41C1-B452-B2DC5E088A58}"
EndProject
Project("{8BC9CEB8-8B4A-11D0-8D11-00A0C91BC942}") = "ResourceManager", "ProjectsDir\Visual2015\ResourceManager\ResourceManager.vcxproj", "{9F71F0DA-1D72-4E96-93B7-5AC2C9CB6EDE}"
EndProject
Project("{2150E333-8FDC-42A3-9474-1A3956D46DE8}") = "CommonLibrary", "CommonLibrary", "{52A72E42-6F26-49E5-97D1-36CCA72C6139}"
EndProject
Project("{8BC9CEB8-8B4A-11D0-8D11-00A0C91BC942}") = "Reflection", "..\swCommonLib\Projects\Visual2015\Reflection\Reflection.vcxproj", "{59FA8028-2346-4246-854F-14DCFAB6AB56}"
EndProject
Project("{8BC9CEB8-8B4A-11D0-8D11-00A0C91BC942}") = "Serialization", "..\swCommonLib\Projects\Visual2015\Serialization\Serialization.vcxproj", "{561754CB-295D-4D69-8DBC-BC069D1A636A}"
EndProject
Project("{8BC9CEB8-8B4A-11D0-8D11-00A0C91BC942}") = "SerializerXML", "..\swCommonLib\Projects\Visual2015\SerializerXML\SerializerXML.vcxproj", "{91CC6D16-F22C-434A-95E0-35EE857054C7}"
EndProject
Project("{8BC9CEB8-8B4A-11D0-8D11-00A0C91BC942}") = "CommonBase", "..\swCommonLib\Projects\Visual2015\CommonBase\CommonBase.vcxproj", "{9ABCBAB4-05B4-47C5-B5D8-F201559FD096}"
EndProject
Project("{8BC9CEB8-8B4A-11D0-8D11-00A0C91BC942}") = "MockAPI", "ProjectsDir\Visual2015\MockAPI\MockAPI.vcxproj", "{EEEFAB61-F404-4957-AC24-A3BF81C5E4ED}"
EndProject
Project("{2150E333-8FDC-42A3-9474-1A3956D46DE8}") = "Tests", "Tests", "{CCEBD2BA-27F7-4E13-AE56-841AE1C91B13}"
EndProject
Project("{8BC9CEB8-8B4A-11D0-8D11-00A0C91BC942}") = "TestResourceManager", "ProjectsDir\Visual2015\Tests\TestResourceManager\TestResourceManager.vcxproj", "{54F074CF-39C0-4FD6-BBEE-2DC880EB5C24}"
EndProject
Project("{8BC9CEB8-8B4A-11D0-8D11-00A0C91BC942}") = "TestResources.DX11", "ProjectsDir\Visual2015\Tests\TestResources\TestResources.DX11.vcxproj", "{22358F79-365C-477A-B485-1746C79EF6AA}"
EndProject
Project("{8BC9CEB8-8B4A-11D0-8D11-00A0C91BC942}") = "MockAssets", "ProjectsDir\Visual2015\MockAssets\MockAssets.vcxproj", "{FC28F28C-C54C-4F0C-BF70-43E7F4E7192E}"
EndProject
Project("{2150E333-8FDC-42A3-9474-1A3956D46DE8}") = "Assets", "Assets", "{AAC65EA8-DF18-44BB-811E-83B5E346B7C4}"
EndProject
Project("{2150E333-8FDC-42A3-9474-1A3956D46DE8}") = "Loaders", "Loaders", "{1F656768-1C78-4AFF-A865-C9A769D659F6}"
EndProject
Project("{2150E333-8FDC-42A3-9474-1A3956D46DE8}") = "GraphicAPI", "GraphicAPI", "{66A269CE-8FB5-4D68-ABB4-CACA10A0700C}"
EndProject
Project("{8BC9CEB8-8B4A-11D0-8D11-00A0C91BC942}") = "swMaterialLoader", "ProjectsDir\Visual2015\swMaterialLoader\swMaterialLoader.vcxproj", "{572003B3-3CC2-438E-9436-6B6EF9DC7BF5}"
EndProject
Project("{8BC9CEB8-8B4A-11D0-8D11-00A0C91BC942}") = "SoilTextureLoader", "ProjectsDir\Visual2015\SoilTextureLoader\SoilTextureLoader.vcxproj", "{7275758B-1ABC-4B28-BB42-CBDBCD2584D1}"
EndProject
Project("{8BC9CEB8-8B4A-11D0-8D11-00A0C91BC942}") = "MeshAsset", "ProjectsDir\Visual2015\MeshAsset\MeshAsset.vcxproj", "{406C51BB-C070-4B6A-8631-4C9A26CB1B2E}"
EndProject
Project("{8BC9CEB8-8B4A-11D0-8D11-00A0C91BC942}") = "MaterialAsset", "ProjectsDir\Visual2015\MaterialAsset\MaterialAsset.vcxproj", "{85BA6BD1-9CDC-451F-ADF8-A8CDE6443EAF}"
EndProject
Project("{2150E333-8FDC-42A3-9474-1A3956D46DE8}") = "TestAssets", "TestAssets", "{F50E5C84-236D-4DF9-92EB-65E925769ADC}"
EndProject
Project("{2150E333-8FDC-42A3-9474-1A3956D46DE8}") = "TestLoaders", "TestLoaders", "{DD05ED1D-D2B8-4273-8435-23C94A2FE6F5}"
EndProject
Project("{8BC9CEB8-8B4A-11D0-8D11-00A0C91BC942}") = "TestMipMapGenerator", "ProjectsDir\Visual2015\Tests\TestMipMapsGenerator\TestMipMapGenerator.vcxproj", "{CD54BACD-BC9B-40D8-8319-A3B4C6234073}"
EndProject
Project("{8BC9CEB8-8B4A-11D0-8D11-00A0C91BC942}") = "TestSoilTextureLoader.DX11", "ProjectsDir\Visual2015\Tests\TestSoilTextureLoader\TestSoilTextureLoader.DX11.vcxproj", "{20597CBF-CF6D-4D30-B0E3-2D289AF61143}"
EndProject
Project("{8BC9CEB8-8B4A-11D0-8D11-00A0C91BC942}") = "TestSoilTextureLoader", "ProjectsDir\Visual2015\Tests\TestSoilTextureLoader\TestSoilTextureLoader.vcxproj", "{A4A7B575-BCEE-43A6-A3F7-9831A2CCA253}"
EndProject
Project("{8BC9CEB8-8B4A-11D0-8D11-00A0C91BC942}") = "TestMaterial", "ProjectsDir\Visual2015\Tests\TestMaterial\TestMaterial.vcxproj", "{0FCBB0B0-0459-47F1-B93F-70E6BA6CA1A8}"
EndProject
Global
	GlobalSection(SolutionConfigurationPlatforms) = preSolution
		Debug|x64 = Debug|x64
		Debug|x86 = Debug|x86
		Release|x64 = Release|x64
		Release|x86 = Release|x86
	EndGlobalSection
	GlobalSection(ProjectConfigurationPlatforms) = postSolution
		{44643D7F-1C71-41C1-B452-B2DC5E088A58}.Debug|x64.ActiveCfg = Debug|x64
		{44643D7F-1C71-41C1-B452-B2DC5E088A58}.Debug|x64.Build.0 = Debug|x64
		{44643D7F-1C71-41C1-B452-B2DC5E088A58}.Debug|x86.ActiveCfg = Debug|Win32
		{44643D7F-1C71-41C1-B452-B2DC5E088A58}.Debug|x86.Build.0 = Debug|Win32
		{44643D7F-1C71-41C1-B452-B2DC5E088A58}.Release|x64.ActiveCfg = Release|x64
		{44643D7F-1C71-41C1-B452-B2DC5E088A58}.Release|x64.Build.0 = Release|x64
		{44643D7F-1C71-41C1-B452-B2DC5E088A58}.Release|x86.ActiveCfg = Release|Win32
		{44643D7F-1C71-41C1-B452-B2DC5E088A58}.Release|x86.Build.0 = Release|Win32
		{9F71F0DA-1D72-4E96-93B7-5AC2C9CB6EDE}.Debug|x64.ActiveCfg = Debug|x64
		{9F71F0DA-1D72-4E96-93B7-5AC2C9CB6EDE}.Debug|x64.Build.0 = Debug|x64
		{9F71F0DA-1D72-4E96-93B7-5AC2C9CB6EDE}.Debug|x86.ActiveCfg = Debug|Win32
		{9F71F0DA-1D72-4E96-93B7-5AC2C9CB6EDE}.Debug|x86.Build.0 = Debug|Win32
		{9F71F0DA-1D72-4E96-93B7-5AC2C9CB6EDE}.Release|x64.ActiveCfg = Release|x64
		{9F71F0DA-1D72-4E96-93B7-5AC2C9CB6EDE}.Release|x64.Build.0 = Release|x64
		{9F71F0DA-1D72-4E96-93B7-5AC2C9CB6EDE}.Release|x86.ActiveCfg = Release|Win32
		{9F71F0DA-1D72-4E96-93B7-5AC2C9CB6EDE}.Release|x86.Build.0 = Release|Win32
		{59FA8028-2346-4246-854F-14DCFAB6AB56}.Debug|x64.ActiveCfg = Debug|x64
		{59FA8028-2346-4246-854F-14DCFAB6AB56}.Debug|x64.Build.0 = Debug|x64
		{59FA8028-2346-4246-854F-14DCFAB6AB56}.Debug|x86.ActiveCfg = Debug|Win32
		{59FA8028-2346-4246-854F-14DCFAB6AB56}.Debug|x86.Build.0 = Debug|Win32
		{59FA8028-2346-4246-854F-14DCFAB6AB56}.Release|x64.ActiveCfg = Release|x64
		{59FA8028-2346-4246-854F-14DCFAB6AB56}.Release|x64.Build.0 = Release|x64
		{59FA8028-2346-4246-854F-14DCFAB6AB56}.Release|x86.ActiveCfg = Release|Win32
		{59FA8028-2346-4246-854F-14DCFAB6AB56}.Release|x86.Build.0 = Release|Win32
		{561754CB-295D-4D69-8DBC-BC069D1A636A}.Debug|x64.ActiveCfg = Debug|x64
		{561754CB-295D-4D69-8DBC-BC069D1A636A}.Debug|x64.Build.0 = Debug|x64
		{561754CB-295D-4D69-8DBC-BC069D1A636A}.Debug|x86.ActiveCfg = Debug|Win32
		{561754CB-295D-4D69-8DBC-BC069D1A636A}.Debug|x86.Build.0 = Debug|Win32
		{561754CB-295D-4D69-8DBC-BC069D1A636A}.Release|x64.ActiveCfg = Release|x64
		{561754CB-295D-4D69-8DBC-BC069D1A636A}.Release|x64.Build.0 = Release|x64
		{561754CB-295D-4D69-8DBC-BC069D1A636A}.Release|x86.ActiveCfg = Release|Win32
		{561754CB-295D-4D69-8DBC-BC069D1A636A}.Release|x86.Build.0 = Release|Win32
		{91CC6D16-F22C-434A-95E0-35EE857054C7}.Debug|x64.ActiveCfg = Debug|x64
		{91CC6D16-F22C-434A-95E0-35EE857054C7}.Debug|x64.Build.0 = Debug|x64
		{91CC6D16-F22C-434A-95E0-35EE857054C7}.Debug|x86.ActiveCfg = Debug|Win32
		{91CC6D16-F22C-434A-95E0-35EE857054C7}.Debug|x86.Build.0 = Debug|Win32
		{91CC6D16-F22C-434A-95E0-35EE857054C7}.Release|x64.ActiveCfg = Release|x64
		{91CC6D16-F22C-434A-95E0-35EE857054C7}.Release|x64.Build.0 = Release|x64
		{91CC6D16-F22C-434A-95E0-35EE857054C7}.Release|x86.ActiveCfg = Release|Win32
		{91CC6D16-F22C-434A-95E0-35EE857054C7}.Release|x86.Build.0 = Release|Win32
		{9ABCBAB4-05B4-47C5-B5D8-F201559FD096}.Debug|x64.ActiveCfg = Debug|x64
		{9ABCBAB4-05B4-47C5-B5D8-F201559FD096}.Debug|x64.Build.0 = Debug|x64
		{9ABCBAB4-05B4-47C5-B5D8-F201559FD096}.Debug|x86.ActiveCfg = Debug|Win32
		{9ABCBAB4-05B4-47C5-B5D8-F201559FD096}.Debug|x86.Build.0 = Debug|Win32
		{9ABCBAB4-05B4-47C5-B5D8-F201559FD096}.Release|x64.ActiveCfg = Release|x64
		{9ABCBAB4-05B4-47C5-B5D8-F201559FD096}.Release|x64.Build.0 = Release|x64
		{9ABCBAB4-05B4-47C5-B5D8-F201559FD096}.Release|x86.ActiveCfg = Release|Win32
		{9ABCBAB4-05B4-47C5-B5D8-F201559FD096}.Release|x86.Build.0 = Release|Win32
		{EEEFAB61-F404-4957-AC24-A3BF81C5E4ED}.Debug|x64.ActiveCfg = Debug|x64
		{EEEFAB61-F404-4957-AC24-A3BF81C5E4ED}.Debug|x64.Build.0 = Debug|x64
		{EEEFAB61-F404-4957-AC24-A3BF81C5E4ED}.Debug|x86.ActiveCfg = Debug|Win32
		{EEEFAB61-F404-4957-AC24-A3BF81C5E4ED}.Debug|x86.Build.0 = Debug|Win32
		{EEEFAB61-F404-4957-AC24-A3BF81C5E4ED}.Release|x64.ActiveCfg = Release|x64
		{EEEFAB61-F404-4957-AC24-A3BF81C5E4ED}.Release|x64.Build.0 = Release|x64
		{EEEFAB61-F404-4957-AC24-A3BF81C5E4ED}.Release|x86.ActiveCfg = Release|Win32
		{EEEFAB61-F404-4957-AC24-A3BF81C5E4ED}.Release|x86.Build.0 = Release|Win32
		{54F074CF-39C0-4FD6-BBEE-2DC880EB5C24}.Debug|x64.ActiveCfg = Debug|x64
		{54F074CF-39C0-4FD6-BBEE-2DC880EB5C24}.Debug|x64.Build.0 = Debug|x64
		{54F074CF-39C0-4FD6-BBEE-2DC880EB5C24}.Debug|x86.ActiveCfg = Debug|Win32
		{54F074CF-39C0-4FD6-BBEE-2DC880EB5C24}.Debug|x86.Build.0 = Debug|Win32
		{54F074CF-39C0-4FD6-BBEE-2DC880EB5C24}.Release|x64.ActiveCfg = Release|x64
		{54F074CF-39C0-4FD6-BBEE-2DC880EB5C24}.Release|x64.Build.0 = Release|x64
		{54F074CF-39C0-4FD6-BBEE-2DC880EB5C24}.Release|x86.ActiveCfg = Release|Win32
		{54F074CF-39C0-4FD6-BBEE-2DC880EB5C24}.Release|x86.Build.0 = Release|Win32
		{22358F79-365C-477A-B485-1746C79EF6AA}.Debug|x64.ActiveCfg = Debug|x64
		{22358F79-365C-477A-B485-1746C79EF6AA}.Debug|x64.Build.0 = Debug|x64
		{22358F79-365C-477A-B485-1746C79EF6AA}.Debug|x86.ActiveCfg = Debug|Win32
		{22358F79-365C-477A-B485-1746C79EF6AA}.Debug|x86.Build.0 = Debug|Win32
		{22358F79-365C-477A-B485-1746C79EF6AA}.Release|x64.ActiveCfg = Release|x64
		{22358F79-365C-477A-B485-1746C79EF6AA}.Release|x64.Build.0 = Release|x64
		{22358F79-365C-477A-B485-1746C79EF6AA}.Release|x86.ActiveCfg = Release|Win32
		{22358F79-365C-477A-B485-1746C79EF6AA}.Release|x86.Build.0 = Release|Win32
		{FC28F28C-C54C-4F0C-BF70-43E7F4E7192E}.Debug|x64.ActiveCfg = Debug|x64
		{FC28F28C-C54C-4F0C-BF70-43E7F4E7192E}.Debug|x64.Build.0 = Debug|x64
		{FC28F28C-C54C-4F0C-BF70-43E7F4E7192E}.Debug|x86.ActiveCfg = Debug|Win32
		{FC28F28C-C54C-4F0C-BF70-43E7F4E7192E}.Debug|x86.Build.0 = Debug|Win32
		{FC28F28C-C54C-4F0C-BF70-43E7F4E7192E}.Release|x64.ActiveCfg = Release|x64
		{FC28F28C-C54C-4F0C-BF70-43E7F4E7192E}.Release|x64.Build.0 = Release|x64
		{FC28F28C-C54C-4F0C-BF70-43E7F4E7192E}.Release|x86.ActiveCfg = Release|Win32
		{FC28F28C-C54C-4F0C-BF70-43E7F4E7192E}.Release|x86.Build.0 = Release|Win32
		{572003B3-3CC2-438E-9436-6B6EF9DC7BF5}.Debug|x64.ActiveCfg = Debug|x64
		{572003B3-3CC2-438E-9436-6B6EF9DC7BF5}.Debug|x64.Build.0 = Debug|x64
		{572003B3-3CC2-438E-9436-6B6EF9DC7BF5}.Debug|x86.ActiveCfg = Debug|Win32
		{572003B3-3CC2-438E-9436-6B6EF9DC7BF5}.Debug|x86.Build.0 = Debug|Win32
		{572003B3-3CC2-438E-9436-6B6EF9DC7BF5}.Release|x64.ActiveCfg = Release|x64
		{572003B3-3CC2-438E-9436-6B6EF9DC7BF5}.Release|x64.Build.0 = Release|x64
		{572003B3-3CC2-438E-9436-6B6EF9DC7BF5}.Release|x86.ActiveCfg = Release|Win32
		{572003B3-3CC2-438E-9436-6B6EF9DC7BF5}.Release|x86.Build.0 = Release|Win32
		{7275758B-1ABC-4B28-BB42-CBDBCD2584D1}.Debug|x64.ActiveCfg = Debug|x64
		{7275758B-1ABC-4B28-BB42-CBDBCD2584D1}.Debug|x64.Build.0 = Debug|x64
		{7275758B-1ABC-4B28-BB42-CBDBCD2584D1}.Debug|x86.ActiveCfg = Debug|Win32
		{7275758B-1ABC-4B28-BB42-CBDBCD2584D1}.Debug|x86.Build.0 = Debug|Win32
		{7275758B-1ABC-4B28-BB42-CBDBCD2584D1}.Release|x64.ActiveCfg = Release|x64
		{7275758B-1ABC-4B28-BB42-CBDBCD2584D1}.Release|x64.Build.0 = Release|x64
		{7275758B-1ABC-4B28-BB42-CBDBCD2584D1}.Release|x86.ActiveCfg = Release|Win32
		{7275758B-1ABC-4B28-BB42-CBDBCD2584D1}.Release|x86.Build.0 = Release|Win32
		{406C51BB-C070-4B6A-8631-4C9A26CB1B2E}.Debug|x64.ActiveCfg = Debug|x64
		{406C51BB-C070-4B6A-8631-4C9A26CB1B2E}.Debug|x64.Build.0 = Debug|x64
		{406C51BB-C070-4B6A-8631-4C9A26CB1B2E}.Debug|x86.ActiveCfg = Debug|Win32
		{406C51BB-C070-4B6A-8631-4C9A26CB1B2E}.Debug|x86.Build.0 = Debug|Win32
		{406C51BB-C070-4B6A-8631-4C9A26CB1B2E}.Release|x64.ActiveCfg = Release|x64
		{406C51BB-C070-4B6A-8631-4C9A26CB1B2E}.Release|x64.Build.0 = Release|x64
		{406C51BB-C070-4B6A-8631-4C9A26CB1B2E}.Release|x86.ActiveCfg = Release|Win32
		{406C51BB-C070-4B6A-8631-4C9A26CB1B2E}.Release|x86.Build.0 = Release|Win32
		{85BA6BD1-9CDC-451F-ADF8-A8CDE6443EAF}.Debug|x64.ActiveCfg = Debug|x64
		{85BA6BD1-9CDC-451F-ADF8-A8CDE6443EAF}.Debug|x64.Build.0 = Debug|x64
		{85BA6BD1-9CDC-451F-ADF8-A8CDE6443EAF}.Debug|x86.ActiveCfg = Debug|Win32
		{85BA6BD1-9CDC-451F-ADF8-A8CDE6443EAF}.Debug|x86.Build.0 = Debug|Win32
		{85BA6BD1-9CDC-451F-ADF8-A8CDE6443EAF}.Release|x64.ActiveCfg = Release|x64
		{85BA6BD1-9CDC-451F-ADF8-A8CDE6443EAF}.Release|x64.Build.0 = Release|x64
		{85BA6BD1-9CDC-451F-ADF8-A8CDE6443EAF}.Release|x86.ActiveCfg = Release|Win32
		{85BA6BD1-9CDC-451F-ADF8-A8CDE6443EAF}.Release|x86.Build.0 = Release|Win32
		{CD54BACD-BC9B-40D8-8319-A3B4C6234073}.Debug|x64.ActiveCfg = Debug|x64
		{CD54BACD-BC9B-40D8-8319-A3B4C6234073}.Debug|x64.Build.0 = Debug|x64
		{CD54BACD-BC9B-40D8-8319-A3B4C6234073}.Debug|x86.ActiveCfg = Debug|Win32
		{CD54BACD-BC9B-40D8-8319-A3B4C6234073}.Debug|x86.Build.0 = Debug|Win32
		{CD54BACD-BC9B-40D8-8319-A3B4C6234073}.Release|x64.ActiveCfg = Release|x64
		{CD54BACD-BC9B-40D8-8319-A3B4C6234073}.Release|x64.Build.0 = Release|x64
		{CD54BACD-BC9B-40D8-8319-A3B4C6234073}.Release|x86.ActiveCfg = Release|Win32
		{CD54BACD-BC9B-40D8-8319-A3B4C6234073}.Release|x86.Build.0 = Release|Win32
		{20597CBF-CF6D-4D30-B0E3-2D289AF61143}.Debug|x64.ActiveCfg = Debug|x64
		{20597CBF-CF6D-4D30-B0E3-2D289AF61143}.Debug|x64.Build.0 = Debug|x64
		{20597CBF-CF6D-4D30-B0E3-2D289AF61143}.Debug|x86.ActiveCfg = Debug|Win32
		{20597CBF-CF6D-4D30-B0E3-2D289AF61143}.Debug|x86.Build.0 = Debug|Win32
		{20597CBF-CF6D-4D30-B0E3-2D289AF61143}.Release|x64.ActiveCfg = Release|x64
		{20597CBF-CF6D-4D30-B0E3-2D289AF61143}.Release|x64.Build.0 = Release|x64
		{20597CBF-CF6D-4D30-B0E3-2D289AF61143}.Release|x86.ActiveCfg = Release|Win32
		{20597CBF-CF6D-4D30-B0E3-2D289AF61143}.Release|x86.Build.0 = Release|Win32
		{A4A7B575-BCEE-43A6-A3F7-9831A2CCA253}.Debug|x64.ActiveCfg = Debug|x64
		{A4A7B575-BCEE-43A6-A3F7-9831A2CCA253}.Debug|x64.Build.0 = Debug|x64
		{A4A7B575-BCEE-43A6-A3F7-9831A2CCA253}.Debug|x86.ActiveCfg = Debug|Win32
		{A4A7B575-BCEE-43A6-A3F7-9831A2CCA253}.Debug|x86.Build.0 = Debug|Win32
		{A4A7B575-BCEE-43A6-A3F7-9831A2CCA253}.Release|x64.ActiveCfg = Release|x64
		{A4A7B575-BCEE-43A6-A3F7-9831A2CCA253}.Release|x64.Build.0 = Release|x64
		{A4A7B575-BCEE-43A6-A3F7-9831A2CCA253}.Release|x86.ActiveCfg = Release|Win32
		{A4A7B575-BCEE-43A6-A3F7-9831A2CCA253}.Release|x86.Build.0 = Release|Win32
		{0FCBB0B0-0459-47F1-B93F-70E6BA6CA1A8}.Debug|x64.ActiveCfg = Debug|x64
		{0FCBB0B0-0459-47F1-B93F-70E6BA6CA1A8}.Debug|x64.Build.0 = Debug|x64
		{0FCBB0B0-0459-47F1-B93F-70E6BA6CA1A8}.Debug|x86.ActiveCfg = Debug|Win32
		{0FCBB0B0-0459-47F1-B93F-70E6BA6CA1A8}.Debug|x86.Build.0 = Debug|Win32
		{0FCBB0B0-0459-47F1-B93F-70E6BA6CA1A8}.Release|x64.ActiveCfg = Release|x64
		{0FCBB0B0-0459-47F1-B93F-70E6BA6CA1A8}.Release|x64.Build.0 = Release|x64
		{0FCBB0B0-0459-47F1-B93F-70E6BA6CA1A8}.Release|x86.ActiveCfg = Release|Win32
		{0FCBB0B0-0459-47F1-B93F-70E6BA6CA1A8}.Release|x86.Build.0 = Release|Win32
	EndGlobalSection
	GlobalSection(SolutionProperties) = preSolution
		HideSolutionNode = FALSE
	EndGlobalSection
	GlobalSection(NestedProjects) = preSolution
		{44643D7F-1C71-41C1-B452-B2DC5E088A58} = {66A269CE-8FB5-4D68-ABB4-CACA10A0700C}
		{9F71F0DA-1D72-4E96-93B7-5AC2C9CB6EDE} = {66A269CE-8FB5-4D68-ABB4-CACA10A0700C}
		{59FA8028-2346-4246-854F-14DCFAB6AB56} = {52A72E42-6F26-49E5-97D1-36CCA72C6139}
		{561754CB-295D-4D69-8DBC-BC069D1A636A} = {52A72E42-6F26-49E5-97D1-36CCA72C6139}
		{91CC6D16-F22C-434A-95E0-35EE857054C7} = {52A72E42-6F26-49E5-97D1-36CCA72C6139}
		{9ABCBAB4-05B4-47C5-B5D8-F201559FD096} = {52A72E42-6F26-49E5-97D1-36CCA72C6139}
		{EEEFAB61-F404-4957-AC24-A3BF81C5E4ED} = {66A269CE-8FB5-4D68-ABB4-CACA10A0700C}
		{CCEBD2BA-27F7-4E13-AE56-841AE1C91B13} = {66A269CE-8FB5-4D68-ABB4-CACA10A0700C}
		{54F074CF-39C0-4FD6-BBEE-2DC880EB5C24} = {CCEBD2BA-27F7-4E13-AE56-841AE1C91B13}
		{22358F79-365C-477A-B485-1746C79EF6AA} = {CCEBD2BA-27F7-4E13-AE56-841AE1C91B13}
		{FC28F28C-C54C-4F0C-BF70-43E7F4E7192E} = {66A269CE-8FB5-4D68-ABB4-CACA10A0700C}
		{AAC65EA8-DF18-44BB-811E-83B5E346B7C4} = {66A269CE-8FB5-4D68-ABB4-CACA10A0700C}
		{1F656768-1C78-4AFF-A865-C9A769D659F6} = {66A269CE-8FB5-4D68-ABB4-CACA10A0700C}
		{572003B3-3CC2-438E-9436-6B6EF9DC7BF5} = {1F656768-1C78-4AFF-A865-C9A769D659F6}
		{7275758B-1ABC-4B28-BB42-CBDBCD2584D1} = {1F656768-1C78-4AFF-A865-C9A769D659F6}
		{406C51BB-C070-4B6A-8631-4C9A26CB1B2E} = {AAC65EA8-DF18-44BB-811E-83B5E346B7C4}
		{85BA6BD1-9CDC-451F-ADF8-A8CDE6443EAF} = {AAC65EA8-DF18-44BB-811E-83B5E346B7C4}
		{F50E5C84-236D-4DF9-92EB-65E925769ADC} = {CCEBD2BA-27F7-4E13-AE56-841AE1C91B13}
		{DD05ED1D-D2B8-4273-8435-23C94A2FE6F5} = {CCEBD2BA-27F7-4E13-AE56-841AE1C91B13}
		{CD54BACD-BC9B-40D8-8319-A3B4C6234073} = {CCEBD2BA-27F7-4E13-AE56-841AE1C91B13}
		{20597CBF-CF6D-4D30-B0E3-2D289AF61143} = {DD05ED1D-D2B8-4273-8435-23C94A2FE6F5}
		{A4A7B575-BCEE-43A6-A3F7-9831A2CCA253} = {DD05ED1D-D2B8-4273-8435-23C94A2FE6F5}
		{0FCBB0B0-0459-47F1-B93F-70E6BA6CA1A8} = {F50E5C84-236D-4DF9-92EB-65E925769ADC}
	EndGlobalSection
	GlobalSection(ExtensibilityGlobals) = postSolution
		SolutionGuid = {49C2400F-1FAF-4195-AA48-C0C49F8247DF}
	EndGlobalSection
EndGlobal
