<?xml version="1.0" encoding="utf-8"?>
<Project ToolsVersion="4.0" xmlns="http://schemas.microsoft.com/developer/msbuild/2003">
  <ItemGroup>
    <Filter Include="Core">
      <UniqueIdentifier>{e9d5caa6-af62-4385-8920-d9e98a01281d}</UniqueIdentifier>
    </Filter>
    <Filter Include="Core\System">
      <UniqueIdentifier>{60c54db1-0e13-4bf6-bb8e-ab60ea848f72}</UniqueIdentifier>
    </Filter>
    <Filter Include="Core\Controls">
      <UniqueIdentifier>{774b1ce6-12e5-42c3-9683-86e75e033158}</UniqueIdentifier>
    </Filter>
    <Filter Include="Core\Controls\ArrangeControls">
      <UniqueIdentifier>{390141cc-f649-4da2-8f9e-f430d0705348}</UniqueIdentifier>
    </Filter>
    <Filter Include="Core\System\CommonTypes">
      <UniqueIdentifier>{06fd8c45-bf52-4430-906a-d812cd1195f3}</UniqueIdentifier>
    </Filter>
    <Filter Include="Core\System\Events">
      <UniqueIdentifier>{a7e6a018-f94c-4ab8-a9bb-ff41141d7b96}</UniqueIdentifier>
    </Filter>
    <Filter Include="Core\System\Events\Input">
      <UniqueIdentifier>{31d654f3-e988-4186-987d-406350dd9df2}</UniqueIdentifier>
    </Filter>
    <Filter Include="Native">
      <UniqueIdentifier>{e51df8e3-b6f5-4724-b1c5-ca1be764df67}</UniqueIdentifier>
    </Filter>
    <Filter Include="Core\System\DataBinding">
      <UniqueIdentifier>{3db028bf-2e23-4c8f-8c86-748a23127222}</UniqueIdentifier>
    </Filter>
    <Filter Include="Core\System\Rendering">
      <UniqueIdentifier>{94cbd7b1-895c-444b-88d7-ceb1d8c74bd7}</UniqueIdentifier>
    </Filter>
    <Filter Include="Core\Media">
      <UniqueIdentifier>{f76314cf-6da4-4026-8fdb-00e7af5e62d3}</UniqueIdentifier>
    </Filter>
    <Filter Include="Core\Media\Brushes">
      <UniqueIdentifier>{021863e9-327c-4478-b54e-6aaa913b72b3}</UniqueIdentifier>
    </Filter>
    <Filter Include="Core\System\Config">
      <UniqueIdentifier>{07be1fa3-543d-4352-99fc-38fd7cf2dcbf}</UniqueIdentifier>
    </Filter>
    <Filter Include="Core\System\Time">
      <UniqueIdentifier>{b0d68f75-7f36-478c-ac2e-b6acb4f286b3}</UniqueIdentifier>
    </Filter>
    <Filter Include="Core\System\DataBinding\Converters">
      <UniqueIdentifier>{51900ce6-9070-4cf6-9a3d-6b235285f143}</UniqueIdentifier>
    </Filter>
    <Filter Include="Core\System\DataBinding\Validators">
      <UniqueIdentifier>{bdb2e068-b766-4cd7-ab9c-427066faf22b}</UniqueIdentifier>
    </Filter>
    <Filter Include="Core\Cultures">
      <UniqueIdentifier>{7d566607-e326-4770-9771-3147945da9ef}</UniqueIdentifier>
    </Filter>
    <Filter Include="Core\System\DataBinding\Expressions">
      <UniqueIdentifier>{e85465e3-a3b7-4fea-b4e6-830da93e8b1b}</UniqueIdentifier>
    </Filter>
    <Filter Include="Core\System\DataBinding\Exceptions">
      <UniqueIdentifier>{41d28770-ab16-45b2-9af4-2c576b0ea60b}</UniqueIdentifier>
    </Filter>
    <Filter Include="Core\Media\Geometry">
      <UniqueIdentifier>{db4fc5c4-b25b-41cf-9cbf-123e464befda}</UniqueIdentifier>
    </Filter>
    <Filter Include="Core\System\Rendering\Drawings">
      <UniqueIdentifier>{8baf291e-1e78-4d49-b474-d8929982099a}</UniqueIdentifier>
    </Filter>
    <Filter Include="Core\Media\Geometry\Layouts">
      <UniqueIdentifier>{f73c928c-ed4c-45ec-898c-19fc72a8d659}</UniqueIdentifier>
    </Filter>
    <Filter Include="Core\System\Rendering\Shading">
      <UniqueIdentifier>{32b76862-785d-460c-a007-f8106d85871b}</UniqueIdentifier>
    </Filter>
    <Filter Include="PrecompiledHeader">
      <UniqueIdentifier>{ba60c9b6-d508-4d48-a8db-a8998ec20900}</UniqueIdentifier>
    </Filter>
    <Filter Include="Core\Shaders">
      <UniqueIdentifier>{d73518d0-001f-4e1e-a9c0-c822aa7fed90}</UniqueIdentifier>
    </Filter>
    <Filter Include="Core\Shaders\hlsl">
      <UniqueIdentifier>{e8db285d-2db5-4b62-94e6-993281f867a9}</UniqueIdentifier>
    </Filter>
    <Filter Include="Core\Shaders\glsl">
      <UniqueIdentifier>{67a6279c-d17b-4565-9cd7-2c643c2bbe35}</UniqueIdentifier>
    </Filter>
    <Filter Include="Core\Shaders\hlsl\Layouts">
      <UniqueIdentifier>{ff7532a1-cd2c-453c-be1c-9dfd593c6392}</UniqueIdentifier>
    </Filter>
    <Filter Include="Core\Shaders\hlsl\Templates">
      <UniqueIdentifier>{c14d1afc-e81d-4558-8abd-b63abfcedefd}</UniqueIdentifier>
    </Filter>
    <Filter Include="Core\Shaders\hlsl\Brush">
      <UniqueIdentifier>{ff91d408-d03d-4e41-ad18-3afef767d2ad}</UniqueIdentifier>
    </Filter>
    <Filter Include="Core\Shaders\hlsl\Geometry">
      <UniqueIdentifier>{61ef1b0a-72dc-49d1-b95f-6ec589a4f9d8}</UniqueIdentifier>
    </Filter>
    <Filter Include="Core\Shaders\glsl\Layouts">
      <UniqueIdentifier>{18d8d3f5-ab74-4c0a-a3c9-66169a128c72}</UniqueIdentifier>
    </Filter>
    <Filter Include="Core\Shaders\glsl\Templates">
      <UniqueIdentifier>{3ee3c66e-b08d-4e8d-a9b5-7ceee775ef2e}</UniqueIdentifier>
    </Filter>
    <Filter Include="Core\Shaders\glsl\Brush">
      <UniqueIdentifier>{299966ba-25bc-48e2-a6f8-6351b009112f}</UniqueIdentifier>
    </Filter>
    <Filter Include="Core\Shaders\glsl\Geometry">
      <UniqueIdentifier>{f04e2f1f-0b2a-43a6-8566-2f0a8d315c89}</UniqueIdentifier>
    </Filter>
    <Filter Include="Core\Controls\Shapes">
      <UniqueIdentifier>{b7199566-0673-43ab-9d50-9914c784bd14}</UniqueIdentifier>
    </Filter>
  </ItemGroup>
  <ItemGroup>
    <ClInclude Include="..\..\..\targetver.h">
      <Filter>Core</Filter>
    </ClInclude>
    <ClInclude Include="..\..\..\Core\System\CommonTypes\Thickness.h">
      <Filter>Core\System\CommonTypes</Filter>
    </ClInclude>
    <ClInclude Include="..\..\..\Core\System\CommonTypes\CommonTypes.h">
      <Filter>Core\System\CommonTypes</Filter>
    </ClInclude>
    <ClInclude Include="..\..\..\Core\System\Events\IEventArgs.h">
      <Filter>Core\System\Events</Filter>
    </ClInclude>
    <ClInclude Include="..\..\..\Core\System\Events\Input\InputEventArgs.h">
      <Filter>Core\System\Events\Input</Filter>
    </ClInclude>
    <ClInclude Include="..\..\..\Core\System\Events\Input\KeyboardEventArgs.h">
      <Filter>Core\System\Events\Input</Filter>
    </ClInclude>
    <ClInclude Include="..\..\..\Core\System\Events\Input\KeyEventArgs.h">
      <Filter>Core\System\Events\Input</Filter>
    </ClInclude>
    <ClInclude Include="..\..\..\Core\System\Events\Input\MouseButtonEventArgs.h">
      <Filter>Core\System\Events\Input</Filter>
    </ClInclude>
    <ClInclude Include="..\..\..\Core\System\Events\Input\MouseEventArgs.h">
      <Filter>Core\System\Events\Input</Filter>
    </ClInclude>
    <ClInclude Include="..\..\..\Core\System\Events\Input\MouseWheelEventArgs.h">
      <Filter>Core\System\Events\Input</Filter>
    </ClInclude>
    <ClInclude Include="..\..\..\Core\Controls\ArrangeControls\DockPanel.h">
      <Filter>Core\Controls\ArrangeControls</Filter>
    </ClInclude>
    <ClInclude Include="..\..\..\Core\Controls\ArrangeControls\Grid.h">
      <Filter>Core\Controls\ArrangeControls</Filter>
    </ClInclude>
    <ClInclude Include="..\..\..\Core\Controls\ArrangeControls\IPanel.h">
      <Filter>Core\Controls\ArrangeControls</Filter>
    </ClInclude>
    <ClInclude Include="..\..\..\Core\Controls\ArrangeControls\StackPanel.h">
      <Filter>Core\Controls\ArrangeControls</Filter>
    </ClInclude>
    <ClInclude Include="..\..\..\Core\Controls\ArrangeControls\WrapPanel.h">
      <Filter>Core\Controls\ArrangeControls</Filter>
    </ClInclude>
    <ClInclude Include="..\..\..\Native\INativeGUI.h">
      <Filter>Native</Filter>
    </ClInclude>
    <ClInclude Include="..\..\..\Native\INativeWindow.h">
      <Filter>Native</Filter>
    </ClInclude>
    <ClInclude Include="..\..\..\Core\System\GUISystem.h">
      <Filter>Core\System</Filter>
    </ClInclude>
    <ClInclude Include="..\..\..\Core\System\HostWindow.h">
      <Filter>Core\System</Filter>
    </ClInclude>
    <ClInclude Include="..\..\..\Core\System\DataBinding\DependencyObject.h">
      <Filter>Core\System\DataBinding</Filter>
    </ClInclude>
    <ClInclude Include="..\..\..\Core\Controls\UIElement.h">
      <Filter>Core\Controls</Filter>
    </ClInclude>
    <ClInclude Include="..\..\..\Core\Controls\Visual.h">
      <Filter>Core\Controls</Filter>
    </ClInclude>
    <ClInclude Include="..\..\..\Core\System\Rendering\RenderingSystem.h">
      <Filter>Core\System\Rendering</Filter>
    </ClInclude>
    <ClInclude Include="..\..\..\Core\System\Rendering\DrawingContext.h">
      <Filter>Core\System\Rendering</Filter>
    </ClInclude>
    <ClInclude Include="..\..\..\Core\System\Events\DelegateContainer.h">
      <Filter>Core\System\Events</Filter>
    </ClInclude>
    <ClInclude Include="..\..\..\Core\Media\Brushes\Brush.h">
      <Filter>Core\Media\Brushes</Filter>
    </ClInclude>
    <ClInclude Include="..\..\..\Core\Media\Brushes\SolidColorBrush.h">
      <Filter>Core\Media\Brushes</Filter>
    </ClInclude>
    <ClInclude Include="..\..\..\Core\Media\Brushes\GradientBrush.h">
      <Filter>Core\Media\Brushes</Filter>
    </ClInclude>
    <ClInclude Include="..\..\..\Core\Media\Brushes\ImageBrush.h">
      <Filter>Core\Media\Brushes</Filter>
    </ClInclude>
    <ClInclude Include="..\..\..\Core\System\Events\EventProxy.h">
      <Filter>Core\System\Events</Filter>
    </ClInclude>
    <ClInclude Include="..\..\..\Core\System\Events\EventsSystem.h">
      <Filter>Core\System\Events</Filter>
    </ClInclude>
    <ClInclude Include="..\..\..\Core\System\Events\EventHandlers.h">
      <Filter>Core\System\Events</Filter>
    </ClInclude>
    <ClInclude Include="..\..\..\Core\System\Events\RegisteredEvent.h">
      <Filter>Core\System\Events</Filter>
    </ClInclude>
    <ClInclude Include="..\..\..\Core\System\CommonTypes\AccessKey.h">
      <Filter>Core\System\CommonTypes</Filter>
    </ClInclude>
    <ClInclude Include="..\..\..\Core\Media\Media.h">
      <Filter>Core\Media</Filter>
    </ClInclude>
    <ClInclude Include="..\..\..\Core\System\HostLogic.h">
      <Filter>Core\System</Filter>
    </ClInclude>
    <ClInclude Include="..\..\..\Core\System\Events\Input\MouseMoveEventArgs.h">
      <Filter>Core\System\Events\Input</Filter>
    </ClInclude>
    <ClInclude Include="..\..\..\Core\System\Config\GUISystemConfig.h">
      <Filter>Core\System\Config</Filter>
    </ClInclude>
    <ClInclude Include="..\..\..\Core\System\Time\Clock.h">
      <Filter>Core\System\Time</Filter>
    </ClInclude>
    <ClInclude Include="..\..\..\Core\System\Time\FrameTime.h">
      <Filter>Core\System\Time</Filter>
    </ClInclude>
    <ClInclude Include="..\..\..\Core\System\DataBinding\BindingInfo.h">
      <Filter>Core\System\DataBinding</Filter>
    </ClInclude>
    <ClInclude Include="..\..\..\Core\System\DataBinding\BindingMode.h">
      <Filter>Core\System\DataBinding</Filter>
    </ClInclude>
    <ClInclude Include="..\..\..\Core\System\DataBinding\Binding.h">
      <Filter>Core\System\DataBinding</Filter>
    </ClInclude>
    <ClInclude Include="..\..\..\Core\Cultures\CultureInfo.h">
      <Filter>Core\Cultures</Filter>
    </ClInclude>
    <ClInclude Include="..\..\..\Core\System\DataBinding\Converters\IValueConverter.h">
      <Filter>Core\System\DataBinding\Converters</Filter>
    </ClInclude>
    <ClInclude Include="..\..\..\Core\System\DataBinding\Validators\IValueValidator.h">
      <Filter>Core\System\DataBinding\Validators</Filter>
    </ClInclude>
    <ClInclude Include="..\..\..\Core\System\DataBinding\Expressions\BindingExpression.h">
      <Filter>Core\System\DataBinding\Expressions</Filter>
    </ClInclude>
    <ClInclude Include="..\..\..\Core\System\DataBinding\Expressions\DefaultBindingExpression.h">
      <Filter>Core\System\DataBinding\Expressions</Filter>
    </ClInclude>
    <ClInclude Include="..\..\..\Core\System\DataBinding\Expressions\AncestorBindingExpression.h">
      <Filter>Core\System\DataBinding\Expressions</Filter>
    </ClInclude>
    <ClInclude Include="..\..\..\Core\System\DataBinding\Exceptions\InvalidBindingException.h">
      <Filter>Core\System\DataBinding\Exceptions</Filter>
    </ClInclude>
    <ClInclude Include="..\..\..\Core\System\DataBinding\BindingsList.h">
      <Filter>Core\System\DataBinding</Filter>
    </ClInclude>
    <ClInclude Include="..\..\..\Core\System\DataBinding\DependencyProperty.h">
      <Filter>Core\System\DataBinding</Filter>
    </ClInclude>
    <ClInclude Include="..\..\..\Core\Media\Geometry\Geometry.h">
      <Filter>Core\Media\Geometry</Filter>
    </ClInclude>
    <ClInclude Include="..\..\..\Core\System\Rendering\Drawings\IDrawing.h">
      <Filter>Core\System\Rendering\Drawings</Filter>
    </ClInclude>
    <ClInclude Include="..\..\..\Core\System\Rendering\Drawings\Drawing.h">
      <Filter>Core\System\Rendering\Drawings</Filter>
    </ClInclude>
    <ClInclude Include="..\..\..\Core\System\Rendering\Drawings\DrawingGroup.h">
      <Filter>Core\System\Rendering\Drawings</Filter>
    </ClInclude>
    <ClInclude Include="..\..\..\Core\System\Rendering\Drawings\GeometryDrawing.h">
      <Filter>Core\System\Rendering\Drawings</Filter>
    </ClInclude>
    <ClInclude Include="..\..\..\Core\Media\Geometry\Layouts\VertexShape2D.h">
      <Filter>Core\Media\Geometry\Layouts</Filter>
    </ClInclude>
    <ClInclude Include="..\..\..\Core\System\Rendering\Shading\ShaderBuilder.h">
      <Filter>Core\System\Rendering\Shading</Filter>
    </ClInclude>
    <ClInclude Include="..\..\..\Core\System\Rendering\Shading\ShaderProvider.h">
      <Filter>Core\System\Rendering\Shading</Filter>
    </ClInclude>
    <ClInclude Include="..\..\..\Core\stdafx.h">
      <Filter>PrecompiledHeader</Filter>
    </ClInclude>
    <ClInclude Include="..\..\..\Core\System\Rendering\RenderingHelpers.h">
      <Filter>Core\System\Rendering</Filter>
    </ClInclude>
    <ClInclude Include="..\..\..\Core\Media\Geometry\Layouts\Layouts.h">
      <Filter>Core\Media\Geometry\Layouts</Filter>
    </ClInclude>
    <ClInclude Include="..\..\..\Core\System\Rendering\RenderingParams.h">
      <Filter>Core\System\Rendering</Filter>
    </ClInclude>
    <ClInclude Include="..\..\..\Core\Controls\Shapes\Rectangle.h">
      <Filter>Core\Controls\Shapes</Filter>
    </ClInclude>
    <ClInclude Include="..\..\..\Core\Controls\Shapes\Shape.h">
      <Filter>Core\Controls\Shapes</Filter>
    </ClInclude>
    <ClInclude Include="..\..\..\Core\Media\Geometry\RectangleGeometry.h">
      <Filter>Core\Media\Geometry</Filter>
    </ClInclude>
    <ClInclude Include="..\..\..\Core\Media\Geometry\EllipseGeometry.h">
      <Filter>Core\Media\Geometry</Filter>
    </ClInclude>
    <ClInclude Include="..\..\..\Core\Controls\Shapes\Ellipse.h">
      <Filter>Core\Controls\Shapes</Filter>
    </ClInclude>
    <ClInclude Include="..\..\..\Core\Media\Brushes\LinearGradientBrush.h">
      <Filter>Core\Media\Brushes</Filter>
    </ClInclude>
    <ClInclude Include="..\..\..\Core\Media\Brushes\RadialGradientBrush.h">
      <Filter>Core\Media\Brushes</Filter>
    </ClInclude>
  </ItemGroup>
  <ItemGroup>
    <ClCompile Include="..\..\..\Core\System\Events\IEventArgs.cpp">
      <Filter>Core\System\Events</Filter>
    </ClCompile>
    <ClCompile Include="..\..\..\Core\System\Events\Input\InputEventArgs.cpp">
      <Filter>Core\System\Events\Input</Filter>
    </ClCompile>
    <ClCompile Include="..\..\..\Core\System\Events\Input\KeyboardEventArgs.cpp">
      <Filter>Core\System\Events\Input</Filter>
    </ClCompile>
    <ClCompile Include="..\..\..\Core\System\Events\Input\KeyEventArgs.cpp">
      <Filter>Core\System\Events\Input</Filter>
    </ClCompile>
    <ClCompile Include="..\..\..\Core\System\Events\Input\MouseButtonEventArgs.cpp">
      <Filter>Core\System\Events\Input</Filter>
    </ClCompile>
    <ClCompile Include="..\..\..\Core\System\Events\Input\MouseEventArgs.cpp">
      <Filter>Core\System\Events\Input</Filter>
    </ClCompile>
    <ClCompile Include="..\..\..\Core\System\Events\Input\MouseWheelEventArgs.cpp">
      <Filter>Core\System\Events\Input</Filter>
    </ClCompile>
    <ClCompile Include="..\..\..\Core\Controls\ArrangeControls\DockPanel.cpp">
      <Filter>Core\Controls\ArrangeControls</Filter>
    </ClCompile>
    <ClCompile Include="..\..\..\Core\Controls\ArrangeControls\Grid.cpp">
      <Filter>Core\Controls\ArrangeControls</Filter>
    </ClCompile>
    <ClCompile Include="..\..\..\Core\Controls\ArrangeControls\IPanel.cpp">
      <Filter>Core\Controls\ArrangeControls</Filter>
    </ClCompile>
    <ClCompile Include="..\..\..\Core\Controls\ArrangeControls\StackPanel.cpp">
      <Filter>Core\Controls\ArrangeControls</Filter>
    </ClCompile>
    <ClCompile Include="..\..\..\Core\Controls\ArrangeControls\WrapPanel.cpp">
      <Filter>Core\Controls\ArrangeControls</Filter>
    </ClCompile>
    <ClCompile Include="..\..\..\Core\System\GUISystem.cpp">
      <Filter>Core\System</Filter>
    </ClCompile>
    <ClCompile Include="..\..\..\Core\System\HostWindow.cpp">
      <Filter>Core\System</Filter>
    </ClCompile>
    <ClCompile Include="..\..\..\Core\System\Initializers.cpp">
      <Filter>Core\System</Filter>
    </ClCompile>
    <ClCompile Include="..\..\..\Core\System\DataBinding\DependencyObject.cpp">
      <Filter>Core\System\DataBinding</Filter>
    </ClCompile>
    <ClCompile Include="..\..\..\Core\Controls\UIElement.cpp">
      <Filter>Core\Controls</Filter>
    </ClCompile>
    <ClCompile Include="..\..\..\Core\System\Rendering\RenderingSystem.cpp">
      <Filter>Core\System\Rendering</Filter>
    </ClCompile>
    <ClCompile Include="..\..\..\Core\System\Events\EventsSystem.cpp">
      <Filter>Core\System\Events</Filter>
    </ClCompile>
    <ClCompile Include="..\..\..\Core\System\Events\EventHandlers.cpp">
      <Filter>Core\System\Events</Filter>
    </ClCompile>
    <ClCompile Include="..\..\..\Core\System\HostLogic.cpp">
      <Filter>Core\System</Filter>
    </ClCompile>
    <ClCompile Include="..\..\..\Core\System\Time\Clock.cpp">
      <Filter>Core\System\Time</Filter>
    </ClCompile>
    <ClCompile Include="..\..\..\Core\System\DataBinding\Expressions\DefaultBindingExpression.cpp">
      <Filter>Core\System\DataBinding\Expressions</Filter>
    </ClCompile>
    <ClCompile Include="..\..\..\Core\System\DataBinding\Expressions\AncestorBindingExpression.cpp">
      <Filter>Core\System\DataBinding\Expressions</Filter>
    </ClCompile>
    <ClCompile Include="..\..\..\Core\System\DataBinding\Expressions\BindingExpression.cpp">
      <Filter>Core\System\DataBinding\Expressions</Filter>
    </ClCompile>
    <ClCompile Include="..\..\..\Core\System\DataBinding\Exceptions\InvalidBindingException.cpp">
      <Filter>Core\System\DataBinding\Exceptions</Filter>
    </ClCompile>
    <ClCompile Include="..\..\..\Core\System\DataBinding\Binding.cpp">
      <Filter>Core\System\DataBinding</Filter>
    </ClCompile>
    <ClCompile Include="..\..\..\Core\System\DataBinding\DependencyProperty.cpp">
      <Filter>Core\System\DataBinding</Filter>
    </ClCompile>
    <ClCompile Include="..\..\..\Core\System\DataBinding\BindingsList.cpp">
      <Filter>Core\System\DataBinding</Filter>
    </ClCompile>
    <ClCompile Include="..\..\..\Core\System\DataBinding\BindingInfo.cpp">
      <Filter>Core\System\DataBinding</Filter>
    </ClCompile>
    <ClCompile Include="..\..\..\Core\System\Rendering\Shading\ShaderBuilder.cpp">
      <Filter>Core\System\Rendering\Shading</Filter>
    </ClCompile>
    <ClCompile Include="..\..\..\Core\System\Rendering\Drawings\Drawing.cpp">
      <Filter>Core\System\Rendering\Drawings</Filter>
    </ClCompile>
    <ClCompile Include="..\..\..\Core\System\Rendering\Shading\ShaderProvider.cpp">
      <Filter>Core\System\Rendering\Shading</Filter>
    </ClCompile>
    <ClCompile Include="..\..\..\Core\Media\Brushes\Brush.cpp">
      <Filter>Core\Media\Brushes</Filter>
    </ClCompile>
    <ClCompile Include="..\..\..\Core\Media\Geometry\Geometry.cpp">
      <Filter>Core\Media\Geometry</Filter>
    </ClCompile>
    <ClCompile Include="..\..\..\Core\stdafx.cpp">
      <Filter>PrecompiledHeader</Filter>
    </ClCompile>
    <ClCompile Include="..\..\..\Core\System\Rendering\RenderingHelpers.cpp">
      <Filter>Core\System\Rendering</Filter>
    </ClCompile>
    <ClCompile Include="..\..\..\Core\Media\Geometry\Layouts\VertexShape2D.cpp">
      <Filter>Core\Media\Geometry\Layouts</Filter>
    </ClCompile>
    <ClCompile Include="..\..\..\Core\System\Rendering\Drawings\GeometryDrawing.cpp">
      <Filter>Core\System\Rendering\Drawings</Filter>
    </ClCompile>
    <ClCompile Include="..\..\..\Core\Media\Brushes\SolidColorBrush.cpp">
      <Filter>Core\Media\Brushes</Filter>
    </ClCompile>
    <ClCompile Include="..\..\..\Core\Controls\Visual.cpp">
      <Filter>Core\Controls</Filter>
    </ClCompile>
    <ClCompile Include="..\..\..\Core\Controls\Shapes\Shape.cpp">
      <Filter>Core\Controls\Shapes</Filter>
    </ClCompile>
    <ClCompile Include="..\..\..\Core\Media\Geometry\RectangleGeometry.cpp">
      <Filter>Core\Media\Geometry</Filter>
    </ClCompile>
    <ClCompile Include="..\..\..\Core\Controls\Shapes\Rectangle.cpp">
      <Filter>Core\Controls\Shapes</Filter>
    </ClCompile>
    <ClCompile Include="..\..\..\Core\Media\Geometry\EllipseGeometry.cpp">
      <Filter>Core\Media\Geometry</Filter>
    </ClCompile>
    <ClCompile Include="..\..\..\Core\Controls\Shapes\Ellipse.cpp">
      <Filter>Core\Controls\Shapes</Filter>
    </ClCompile>
    <ClCompile Include="..\..\..\Core\Media\Brushes\GradientBrush.cpp">
      <Filter>Core\Media\Brushes</Filter>
    </ClCompile>
    <ClCompile Include="..\..\..\Core\Media\Brushes\LinearGradientBrush.cpp">
      <Filter>Core\Media\Brushes</Filter>
    </ClCompile>
  </ItemGroup>
  <ItemGroup>
    <None Include="..\..\..\Core\System\Events\EventsSystem.inl">
      <Filter>Core\System\Events</Filter>
    </None>
    <None Include="..\..\..\Core\System\DataBinding\DependencyObject.inl">
      <Filter>Core\System\DataBinding</Filter>
    </None>
  </ItemGroup>
  <ItemGroup>
    <FxCompile Include="..\..\..\Core\Shaders\hlsl\Brush\SolidColorBrush.psh">
      <Filter>Core\Shaders\hlsl\Brush</Filter>
    </FxCompile>
    <FxCompile Include="..\..\..\Core\Shaders\hlsl\Templates\Basic.vsh">
      <Filter>Core\Shaders\hlsl\Templates</Filter>
    </FxCompile>
    <FxCompile Include="..\..\..\Core\Shaders\hlsl\Templates\Basic.psh">
      <Filter>Core\Shaders\hlsl\Templates</Filter>
    </FxCompile>
    <FxCompile Include="..\..\..\Core\Shaders\hlsl\Layouts\VertexShape2D.vsh">
      <Filter>Core\Shaders\hlsl\Layouts</Filter>
    </FxCompile>
    <FxCompile Include="..\..\..\Core\Shaders\hlsl\Geometry\ForwardAttributes.vsh">
      <Filter>Core\Shaders\hlsl\Geometry</Filter>
    </FxCompile>
    <FxCompile Include="..\..\..\Core\Shaders\hlsl\Brush\LinearGradientBrush.psh">
      <Filter>Core\Shaders\hlsl\Brush</Filter>
    </FxCompile>
  </ItemGroup>
</Project>