<?xml version="1.0" encoding="utf-8"?>
<Project ToolsVersion="4.0" xmlns="http://schemas.microsoft.com/developer/msbuild/2003">
  <ItemGroup>
    <Filter Include="Interfaces">
      <UniqueIdentifier>{368b52f1-d81e-423e-b075-643c2ca6265d}</UniqueIdentifier>
    </Filter>
  </ItemGroup>
  <ItemGroup>
    <ClInclude Include="..\..\..\Interfaces\Deserializer.h">
      <Filter>Interfaces</Filter>
    </ClInclude>
    <ClInclude Include="..\..\..\Interfaces\FilePosition.h">
      <Filter>Interfaces</Filter>
    </ClInclude>
    <ClInclude Include="..\..\..\Interfaces\ISerializationContext.h">
      <Filter>Interfaces</Filter>
    </ClInclude>
    <ClInclude Include="..\..\..\Interfaces\ISerializer.h">
      <Filter>Interfaces</Filter>
    </ClInclude>
    <ClInclude Include="..\..\..\Interfaces\SerialArray.h">
      <Filter>Interfaces</Filter>
    </ClInclude>
    <ClInclude Include="..\..\..\Interfaces\SerialAttribute.h">
      <Filter>Interfaces</Filter>
    </ClInclude>
    <ClInclude Include="..\..\..\Interfaces\SerialGeneric.h">
      <Filter>Interfaces</Filter>
    </ClInclude>
    <ClInclude Include="..\..\..\Interfaces\Serializer.h">
      <Filter>Interfaces</Filter>
    </ClInclude>
    <ClInclude Include="..\..\..\Interfaces\SerialObject.h">
      <Filter>Interfaces</Filter>
    </ClInclude>
  </ItemGroup>
  <ItemGroup>
    <ClCompile Include="..\..\..\Interfaces\SerialObject.cpp">
      <Filter>Interfaces</Filter>
    </ClCompile>
    <ClCompile Include="..\..\..\Interfaces\SerialGeneric.cpp">
      <Filter>Interfaces</Filter>
    </ClCompile>
    <ClCompile Include="..\..\..\Interfaces\SerialAttribute.cpp">
      <Filter>Interfaces</Filter>
    </ClCompile>
  </ItemGroup>
</Project>