<?xml version="1.0" encoding="utf-8"?>
<Project ToolsVersion="4.0" xmlns="http://schemas.microsoft.com/developer/msbuild/2003">
  <ItemGroup>
    <Filter Include="Tests">
      <UniqueIdentifier>{33607f75-2da8-4dce-9d9a-bb616da8a740}</UniqueIdentifier>
    </Filter>
  </ItemGroup>
  <ItemGroup>
    <ClCompile Include="..\..\..\..\Tests\TestSoilTextureLoader.DX11\TestFilesLoading.cpp">
      <Filter>Tests</Filter>
    </ClCompile>
    <ClCompile Include="..\..\..\..\Tests\TestSoilTextureLoader.DX11\TestMipMapGeneration.cpp">
      <Filter>Tests</Filter>
    </ClCompile>
    <ClCompile Include="..\..\..\..\Tests\TestSoilTextureLoader.DX11\main.cpp" />
  </ItemGroup>
</Project>