<?xml version="1.0" encoding="utf-8"?>
<Project ToolsVersion="4.0" xmlns="http://schemas.microsoft.com/developer/msbuild/2003">
  <ItemGroup>
    <Filter Include="TestFramework">
      <UniqueIdentifier>{00f88ed8-5fcf-4068-af6d-c1db78d9d36b}</UniqueIdentifier>
    </Filter>
    <Filter Include="PrecompiledHeader">
      <UniqueIdentifier>{42c32aa9-1a1b-4b8d-bf78-243e0693bc9c}</UniqueIdentifier>
    </Filter>
    <Filter Include="TestFramework\Utils">
      <UniqueIdentifier>{02f02ebf-46a0-444b-9ee8-e7dea2559811}</UniqueIdentifier>
    </Filter>
    <Filter Include="TestFramework\Accessors">
      <UniqueIdentifier>{4d9b4202-2f46-449a-8c5a-fac1029486b0}</UniqueIdentifier>
    </Filter>
    <Filter Include="TestFramework\Utils\ClassesUI">
      <UniqueIdentifier>{654ecd5c-9417-41bc-9ba1-217e0b9cadc5}</UniqueIdentifier>
    </Filter>
    <Filter Include="TestFramework\Accessors\Window">
      <UniqueIdentifier>{b83b1530-2b39-41a3-91fd-dfb6453127d8}</UniqueIdentifier>
    </Filter>
    <Filter Include="TestFramework\Accessors\Bindings">
      <UniqueIdentifier>{85e23c9f-4732-4089-bb88-49fcf18ba7c2}</UniqueIdentifier>
    </Filter>
    <Filter Include="TestFramework\Utils\Mocks">
      <UniqueIdentifier>{05722974-2f26-42f4-9290-34c8d5f4f99a}</UniqueIdentifier>
    </Filter>
    <Filter Include="TestFramework\Utils\Mocks\Media">
      <UniqueIdentifier>{4c0c6d00-ad61-44d0-840e-b97730e7209f}</UniqueIdentifier>
    </Filter>
    <Filter Include="TestFramework\Utils\Mocks\Rendering">
      <UniqueIdentifier>{ed3281a1-a07f-4cc5-b174-d761c45d372b}</UniqueIdentifier>
    </Filter>
    <Filter Include="TestFramework\Accessors\Rendering">
      <UniqueIdentifier>{9705237a-c873-46d5-a527-3d5a73f01a07}</UniqueIdentifier>
    </Filter>
  </ItemGroup>
  <ItemGroup>
    <ClCompile Include="..\..\..\TestFramework\stdafx.cpp">
      <Filter>PrecompiledHeader</Filter>
    </ClCompile>
    <ClCompile Include="..\..\..\TestFramework\TestFramework.cpp">
      <Filter>TestFramework</Filter>
    </ClCompile>
    <ClCompile Include="..\..\..\TestFramework\Utils\ClassesUI\TestUIElementClass.cpp">
      <Filter>TestFramework\Utils\ClassesUI</Filter>
    </ClCompile>
    <ClCompile Include="..\..\..\TestFramework\Testers\Window\HostWindowTester.cpp">
      <Filter>TestFramework\Accessors\Window</Filter>
    </ClCompile>
    <ClCompile Include="..\..\..\TestFramework\Testers\Bindings\TesterBinding.cpp">
      <Filter>TestFramework\Accessors\Bindings</Filter>
    </ClCompile>
    <ClCompile Include="..\..\..\TestFramework\Utils\ClassesUI\DependencyPropsClass.cpp">
      <Filter>TestFramework\Utils\ClassesUI</Filter>
    </ClCompile>
    <ClCompile Include="..\..\..\TestFramework\Utils\Mocks\Media\FakeBrush.cpp">
      <Filter>TestFramework\Utils\Mocks\Media</Filter>
    </ClCompile>
    <ClCompile Include="..\..\..\TestFramework\Utils\Mocks\Rendering\FakeDrawing.cpp">
      <Filter>TestFramework\Utils\Mocks\Rendering</Filter>
    </ClCompile>
    <ClCompile Include="..\..\..\TestFramework\Utils\Mocks\Media\FakeGeometry.cpp" />
  </ItemGroup>
  <ItemGroup>
    <ClInclude Include="..\..\..\TestFramework\stdafx.h">
      <Filter>PrecompiledHeader</Filter>
    </ClInclude>
    <ClInclude Include="..\..\..\TestFramework\targetver.h">
      <Filter>PrecompiledHeader</Filter>
    </ClInclude>
    <ClInclude Include="..\..\..\TestFramework\TestFramework.h">
      <Filter>TestFramework</Filter>
    </ClInclude>
    <ClInclude Include="..\..\..\TestFramework\Utils\ClassesUI\TestUIElementClass.h">
      <Filter>TestFramework\Utils\ClassesUI</Filter>
    </ClInclude>
    <ClInclude Include="..\..\..\TestFramework\Testers\Window\HostWindowTester.h">
      <Filter>TestFramework\Accessors\Window</Filter>
    </ClInclude>
    <ClInclude Include="..\..\..\TestFramework\Utils\ClassesUI\SubclassTestElement.h">
      <Filter>TestFramework\Utils\ClassesUI</Filter>
    </ClInclude>
    <ClInclude Include="..\..\..\TestFramework\Testers\Bindings\TesterBinding.h">
      <Filter>TestFramework\Accessors\Bindings</Filter>
    </ClInclude>
    <ClInclude Include="..\..\..\TestFramework\Utils\ClassesUI\DependencyPropsClass.h">
      <Filter>TestFramework\Utils\ClassesUI</Filter>
    </ClInclude>
    <ClInclude Include="..\..\..\TestFramework\Utils\Mocks\Media\FakeBrush.h">
      <Filter>TestFramework\Utils\Mocks\Media</Filter>
    </ClInclude>
    <ClInclude Include="..\..\..\TestFramework\Utils\Mocks\Rendering\FakeDrawing.h">
      <Filter>TestFramework\Utils\Mocks\Rendering</Filter>
    </ClInclude>
    <ClInclude Include="..\..\..\TestFramework\Testers\Rendering\DrawingTester.h">
      <Filter>TestFramework\Accessors\Rendering</Filter>
    </ClInclude>
    <ClInclude Include="..\..\..\TestFramework\Utils\Mocks\Media\FakeGeometry.h">
      <Filter>TestFramework\Utils\Mocks\Media</Filter>
    </ClInclude>
  </ItemGroup>
</Project>